
Microsoft Visual Studio Solution File, Format Version 12.00
# Visual Studio Version 17
VisualStudioVersion = 17.11.35312.102
MinimumVisualStudioVersion = 10.0.40219.1
Project("{9A19103F-16F7-4668-BE54-9A1E7A4F7556}") = "DepotWebAPI", "DepotWebAPI.csproj", "{E87D11D1-5401-47ED-8655-1993B17FA923}"
EndProject
Global
	GlobalSection(SolutionConfigurationPlatforms) = preSolution
		Debug|Any CPU = Debug|Any CPU
		Release|Any CPU = Release|Any CPU
	EndGlobalSection
	GlobalSection(ProjectConfigurationPlatforms) = postSolution
		{E87D11D1-5401-47ED-8655-1993B17FA923}.Debug|Any CPU.ActiveCfg = Debug|Any CPU
		{E87D11D1-5401-47ED-8655-1993B17FA923}.Debug|Any CPU.Build.0 = Debug|Any CPU
		{E87D11D1-5401-47ED-8655-1993B17FA923}.Release|Any CPU.ActiveCfg = Release|Any CPU
		{E87D11D1-5401-47ED-8655-1993B17FA923}.Release|Any CPU.Build.0 = Release|Any CPU
	EndGlobalSection
	GlobalSection(SolutionProperties) = preSolution
		HideSolutionNode = FALSE
	EndGlobalSection
	GlobalSection(ExtensibilityGlobals) = postSolution
		SolutionGuid = {74A81CA9-F75B-48BC-8517-13EC8BF9169F}
	EndGlobalSection
EndGlobal
